
Microsoft Visual Studio Solution File, Format Version 12.00
# Visual Studio 15
VisualStudioVersion = 15.0.28307.1145
MinimumVisualStudioVersion = 10.0.40219.1
Project("{FAE04EC0-301F-11D3-BF4B-00C04F79EFBC}") = "EvidencijaTroskova", "Evidencija troškova\EvidencijaTroskova.csproj", "{68193BDE-B5CA-474A-999A-6F819C617F4C}"
EndProject
Global
	GlobalSection(SolutionConfigurationPlatforms) = preSolution
		Debug|Any CPU = Debug|Any CPU
		Release|Any CPU = Release|Any CPU
	EndGlobalSection
	GlobalSection(ProjectConfigurationPlatforms) = postSolution
		{68193BDE-B5CA-474A-999A-6F819C617F4C}.Debug|Any CPU.ActiveCfg = Debug|Any CPU
		{68193BDE-B5CA-474A-999A-6F819C617F4C}.Debug|Any CPU.Build.0 = Debug|Any CPU
		{68193BDE-B5CA-474A-999A-6F819C617F4C}.Release|Any CPU.ActiveCfg = Release|Any CPU
		{68193BDE-B5CA-474A-999A-6F819C617F4C}.Release|Any CPU.Build.0 = Release|Any CPU
	EndGlobalSection
	GlobalSection(SolutionProperties) = preSolution
		HideSolutionNode = FALSE
	EndGlobalSection
	GlobalSection(ExtensibilityGlobals) = postSolution
		SolutionGuid = {CE15D580-555C-41EE-B275-F3F6AF6446C7}
	EndGlobalSection
EndGlobal
